
Microsoft Visual Studio Solution File, Format Version 12.00
# Visual Studio Version 17
VisualStudioVersion = 17.5.33627.172
MinimumVisualStudioVersion = 10.0.40219.1
Project("{FAE04EC0-301F-11D3-BF4B-00C04F79EFBC}") = "Abstract", "Abstract\Abstract.csproj", "{D6C6E1A1-A623-4DCD-9A06-1F6DD171EAAF}"
EndProject
Global
	GlobalSection(SolutionConfigurationPlatforms) = preSolution
		Debug|Any CPU = Debug|Any CPU
		Release|Any CPU = Release|Any CPU
	EndGlobalSection
	GlobalSection(ProjectConfigurationPlatforms) = postSolution
		{D6C6E1A1-A623-4DCD-9A06-1F6DD171EAAF}.Debug|Any CPU.ActiveCfg = Debug|Any CPU
		{D6C6E1A1-A623-4DCD-9A06-1F6DD171EAAF}.Debug|Any CPU.Build.0 = Debug|Any CPU
		{D6C6E1A1-A623-4DCD-9A06-1F6DD171EAAF}.Release|Any CPU.ActiveCfg = Release|Any CPU
		{D6C6E1A1-A623-4DCD-9A06-1F6DD171EAAF}.Release|Any CPU.Build.0 = Release|Any CPU
	EndGlobalSection
	GlobalSection(SolutionProperties) = preSolution
		HideSolutionNode = FALSE
	EndGlobalSection
	GlobalSection(ExtensibilityGlobals) = postSolution
		SolutionGuid = {8B6DD343-2470-4BA5-8713-8245ABEA39DE}
	EndGlobalSection
EndGlobal
