
Microsoft Visual Studio Solution File, Format Version 12.00
# Visual Studio Version 17
VisualStudioVersion = 17.5.33627.172
MinimumVisualStudioVersion = 10.0.40219.1
Project("{FAE04EC0-301F-11D3-BF4B-00C04F79EFBC}") = "Switch Food", "Switch Food\Switch Food.csproj", "{22F55B9D-7892-4BE8-A943-C7A4EE327F00}"
EndProject
Project("{2150E333-8FDC-42A3-9474-1A3956D46DE8}") = "Solution Items", "Solution Items", "{AF7A7F15-6FC4-4B39-AA44-F1DD5AE13182}"
	ProjectSection(SolutionItems) = preProject
		.editorconfig = .editorconfig
	EndProjectSection
EndProject
Global
	GlobalSection(SolutionConfigurationPlatforms) = preSolution
		Debug|Any CPU = Debug|Any CPU
		Release|Any CPU = Release|Any CPU
	EndGlobalSection
	GlobalSection(ProjectConfigurationPlatforms) = postSolution
		{22F55B9D-7892-4BE8-A943-C7A4EE327F00}.Debug|Any CPU.ActiveCfg = Debug|Any CPU
		{22F55B9D-7892-4BE8-A943-C7A4EE327F00}.Debug|Any CPU.Build.0 = Debug|Any CPU
		{22F55B9D-7892-4BE8-A943-C7A4EE327F00}.Release|Any CPU.ActiveCfg = Release|Any CPU
		{22F55B9D-7892-4BE8-A943-C7A4EE327F00}.Release|Any CPU.Build.0 = Release|Any CPU
	EndGlobalSection
	GlobalSection(SolutionProperties) = preSolution
		HideSolutionNode = FALSE
	EndGlobalSection
	GlobalSection(ExtensibilityGlobals) = postSolution
		SolutionGuid = {DF01F67E-D8BA-4274-BEBA-0785BEB9ECFA}
	EndGlobalSection
EndGlobal
