
Microsoft Visual Studio Solution File, Format Version 12.00
# Visual Studio Version 17
VisualStudioVersion = 17.5.33627.172
MinimumVisualStudioVersion = 10.0.40219.1
Project("{FAE04EC0-301F-11D3-BF4B-00C04F79EFBC}") = "String Builder", "String Builder\String Builder.csproj", "{DF70B5FF-1459-4710-9218-8B4C20BC8734}"
EndProject
Global
	GlobalSection(SolutionConfigurationPlatforms) = preSolution
		Debug|Any CPU = Debug|Any CPU
		Release|Any CPU = Release|Any CPU
	EndGlobalSection
	GlobalSection(ProjectConfigurationPlatforms) = postSolution
		{DF70B5FF-1459-4710-9218-8B4C20BC8734}.Debug|Any CPU.ActiveCfg = Debug|Any CPU
		{DF70B5FF-1459-4710-9218-8B4C20BC8734}.Debug|Any CPU.Build.0 = Debug|Any CPU
		{DF70B5FF-1459-4710-9218-8B4C20BC8734}.Release|Any CPU.ActiveCfg = Release|Any CPU
		{DF70B5FF-1459-4710-9218-8B4C20BC8734}.Release|Any CPU.Build.0 = Release|Any CPU
	EndGlobalSection
	GlobalSection(SolutionProperties) = preSolution
		HideSolutionNode = FALSE
	EndGlobalSection
	GlobalSection(ExtensibilityGlobals) = postSolution
		SolutionGuid = {D5C26E4C-BFDA-4116-8F62-9E795682C8DC}
	EndGlobalSection
EndGlobal
