
Microsoft Visual Studio Solution File, Format Version 12.00
# Visual Studio Version 17
VisualStudioVersion = 17.5.33627.172
MinimumVisualStudioVersion = 10.0.40219.1
Project("{FAE04EC0-301F-11D3-BF4B-00C04F79EFBC}") = "Loop", "Loop\Loop.csproj", "{410E1D99-3352-4D16-A81D-2F3402E5FDF5}"
EndProject
Global
	GlobalSection(SolutionConfigurationPlatforms) = preSolution
		Debug|Any CPU = Debug|Any CPU
		Release|Any CPU = Release|Any CPU
	EndGlobalSection
	GlobalSection(ProjectConfigurationPlatforms) = postSolution
		{410E1D99-3352-4D16-A81D-2F3402E5FDF5}.Debug|Any CPU.ActiveCfg = Debug|Any CPU
		{410E1D99-3352-4D16-A81D-2F3402E5FDF5}.Debug|Any CPU.Build.0 = Debug|Any CPU
		{410E1D99-3352-4D16-A81D-2F3402E5FDF5}.Release|Any CPU.ActiveCfg = Release|Any CPU
		{410E1D99-3352-4D16-A81D-2F3402E5FDF5}.Release|Any CPU.Build.0 = Release|Any CPU
	EndGlobalSection
	GlobalSection(SolutionProperties) = preSolution
		HideSolutionNode = FALSE
	EndGlobalSection
	GlobalSection(ExtensibilityGlobals) = postSolution
		SolutionGuid = {A2E24631-8C10-4688-B615-A29B6D802E9C}
	EndGlobalSection
EndGlobal
