
Microsoft Visual Studio Solution File, Format Version 12.00
# Visual Studio Version 17
VisualStudioVersion = 17.5.33627.172
MinimumVisualStudioVersion = 10.0.40219.1
Project("{FAE04EC0-301F-11D3-BF4B-00C04F79EFBC}") = "Inheritance", "Inheritance\Inheritance.csproj", "{BB66C392-9727-457B-BF64-F7B897F6DC9E}"
EndProject
Global
	GlobalSection(SolutionConfigurationPlatforms) = preSolution
		Debug|Any CPU = Debug|Any CPU
		Release|Any CPU = Release|Any CPU
	EndGlobalSection
	GlobalSection(ProjectConfigurationPlatforms) = postSolution
		{BB66C392-9727-457B-BF64-F7B897F6DC9E}.Debug|Any CPU.ActiveCfg = Debug|Any CPU
		{BB66C392-9727-457B-BF64-F7B897F6DC9E}.Debug|Any CPU.Build.0 = Debug|Any CPU
		{BB66C392-9727-457B-BF64-F7B897F6DC9E}.Release|Any CPU.ActiveCfg = Release|Any CPU
		{BB66C392-9727-457B-BF64-F7B897F6DC9E}.Release|Any CPU.Build.0 = Release|Any CPU
	EndGlobalSection
	GlobalSection(SolutionProperties) = preSolution
		HideSolutionNode = FALSE
	EndGlobalSection
	GlobalSection(ExtensibilityGlobals) = postSolution
		SolutionGuid = {CBBD828E-4DBF-4AE3-867D-6B7131402717}
	EndGlobalSection
EndGlobal
