
Microsoft Visual Studio Solution File, Format Version 12.00
# Visual Studio Version 17
VisualStudioVersion = 17.5.33627.172
MinimumVisualStudioVersion = 10.0.40219.1
Project("{FAE04EC0-301F-11D3-BF4B-00C04F79EFBC}") = "Pattern 8", "Pattern 8\Pattern 8.csproj", "{9DCF4D61-6982-4665-B2C3-EF1424AB33C0}"
EndProject
Global
	GlobalSection(SolutionConfigurationPlatforms) = preSolution
		Debug|Any CPU = Debug|Any CPU
		Release|Any CPU = Release|Any CPU
	EndGlobalSection
	GlobalSection(ProjectConfigurationPlatforms) = postSolution
		{9DCF4D61-6982-4665-B2C3-EF1424AB33C0}.Debug|Any CPU.ActiveCfg = Debug|Any CPU
		{9DCF4D61-6982-4665-B2C3-EF1424AB33C0}.Debug|Any CPU.Build.0 = Debug|Any CPU
		{9DCF4D61-6982-4665-B2C3-EF1424AB33C0}.Release|Any CPU.ActiveCfg = Release|Any CPU
		{9DCF4D61-6982-4665-B2C3-EF1424AB33C0}.Release|Any CPU.Build.0 = Release|Any CPU
	EndGlobalSection
	GlobalSection(SolutionProperties) = preSolution
		HideSolutionNode = FALSE
	EndGlobalSection
	GlobalSection(ExtensibilityGlobals) = postSolution
		SolutionGuid = {9DC6F480-9C44-41BB-BBD0-3140115E1CE5}
	EndGlobalSection
EndGlobal
