
Microsoft Visual Studio Solution File, Format Version 12.00
# Visual Studio Version 17
VisualStudioVersion = 17.5.33627.172
MinimumVisualStudioVersion = 10.0.40219.1
Project("{FAE04EC0-301F-11D3-BF4B-00C04F79EFBC}") = "Method", "Method\Method.csproj", "{FE6D8ED4-77AE-4A55-A0B1-3D5B7ADC57B1}"
EndProject
Global
	GlobalSection(SolutionConfigurationPlatforms) = preSolution
		Debug|Any CPU = Debug|Any CPU
		Release|Any CPU = Release|Any CPU
	EndGlobalSection
	GlobalSection(ProjectConfigurationPlatforms) = postSolution
		{FE6D8ED4-77AE-4A55-A0B1-3D5B7ADC57B1}.Debug|Any CPU.ActiveCfg = Debug|Any CPU
		{FE6D8ED4-77AE-4A55-A0B1-3D5B7ADC57B1}.Debug|Any CPU.Build.0 = Debug|Any CPU
		{FE6D8ED4-77AE-4A55-A0B1-3D5B7ADC57B1}.Release|Any CPU.ActiveCfg = Release|Any CPU
		{FE6D8ED4-77AE-4A55-A0B1-3D5B7ADC57B1}.Release|Any CPU.Build.0 = Release|Any CPU
	EndGlobalSection
	GlobalSection(SolutionProperties) = preSolution
		HideSolutionNode = FALSE
	EndGlobalSection
	GlobalSection(ExtensibilityGlobals) = postSolution
		SolutionGuid = {13060A6C-0E1E-4B9A-8410-0259A7B00703}
	EndGlobalSection
EndGlobal
