
Microsoft Visual Studio Solution File, Format Version 12.00
# Visual Studio Version 17
VisualStudioVersion = 17.5.33627.172
MinimumVisualStudioVersion = 10.0.40219.1
Project("{FAE04EC0-301F-11D3-BF4B-00C04F79EFBC}") = "Pattern 2", "Pattern 2\Pattern 2.csproj", "{4CBBE908-5796-4AF1-A2A4-674499B73BA2}"
EndProject
Global
	GlobalSection(SolutionConfigurationPlatforms) = preSolution
		Debug|Any CPU = Debug|Any CPU
		Release|Any CPU = Release|Any CPU
	EndGlobalSection
	GlobalSection(ProjectConfigurationPlatforms) = postSolution
		{4CBBE908-5796-4AF1-A2A4-674499B73BA2}.Debug|Any CPU.ActiveCfg = Debug|Any CPU
		{4CBBE908-5796-4AF1-A2A4-674499B73BA2}.Debug|Any CPU.Build.0 = Debug|Any CPU
		{4CBBE908-5796-4AF1-A2A4-674499B73BA2}.Release|Any CPU.ActiveCfg = Release|Any CPU
		{4CBBE908-5796-4AF1-A2A4-674499B73BA2}.Release|Any CPU.Build.0 = Release|Any CPU
	EndGlobalSection
	GlobalSection(SolutionProperties) = preSolution
		HideSolutionNode = FALSE
	EndGlobalSection
	GlobalSection(ExtensibilityGlobals) = postSolution
		SolutionGuid = {EA4F826C-AFFC-4342-B1F6-D455FB2FBB06}
	EndGlobalSection
EndGlobal
